
Microsoft Visual Studio Solution File, Format Version 12.00
# Visual Studio Version 17
VisualStudioVersion = 17.0.31903.59
MinimumVisualStudioVersion = 10.0.40219.1
Project("{2150E333-8FDC-42A3-9474-1A3956D46DE8}") = "cad-plugin", "cad-plugin", "{4CAE9FCB-50BC-4C09-A987-567519F77622}"
EndProject
Project("{2150E333-8FDC-42A3-9474-1A3956D46DE8}") = "2025", "2025", "{812980DC-71A0-45D4-9B36-9AEF270CE5BC}"
EndProject
Project("{FAE04EC0-301F-11D3-BF4B-00C04F79EFBC}") = "PatentMarker", "cad-plugin\2025\PatentMarker\PatentMarker.csproj", "{97875ECA-1529-49CB-81F2-968347FA0DD4}"
EndProject
Project("{FAE04EC0-301F-11D3-BF4B-00C04F79EFBC}") = "PatentMarker.Tests", "cad-plugin\2025\PatentMarker.Tests\PatentMarker.Tests.csproj", "{A26FF304-F6EA-42AE-BE13-015BF49F81B8}"
EndProject
Project("{2150E333-8FDC-42A3-9474-1A3956D46DE8}") = "RuntimeContract.Tests", "RuntimeContract.Tests", "{B6A9C39C-54A5-4FE8-9FA5-11713A66C1B8}"
EndProject
Project("{FAE04EC0-301F-11D3-BF4B-00C04F79EFBC}") = "PatentMarker.RuntimeContract.2010.Tests", "cad-plugin\RuntimeContract.Tests\PatentMarker.RuntimeContract.2010.Tests.csproj", "{46B6E0E4-9C9B-46EE-8A4A-2E4BC1F9D7D6}"
EndProject
Project("{FAE04EC0-301F-11D3-BF4B-00C04F79EFBC}") = "PatentMarker.RuntimeContract.2013.Tests", "cad-plugin\RuntimeContract.Tests\PatentMarker.RuntimeContract.2013.Tests.csproj", "{7B3D4D38-8CC2-49D2-9F6B-2BCE0C3E0C4A}"
EndProject
Project("{FAE04EC0-301F-11D3-BF4B-00C04F79EFBC}") = "PatentMarker.RuntimeContract.2015.Tests", "cad-plugin\RuntimeContract.Tests\PatentMarker.RuntimeContract.2015.Tests.csproj", "{F4B1D01E-4D4F-4ED1-B2F2-4A8E9DCE2C87}"
EndProject
Global
	GlobalSection(SolutionConfigurationPlatforms) = preSolution
		Debug|Any CPU = Debug|Any CPU
		Release|Any CPU = Release|Any CPU
	EndGlobalSection
	GlobalSection(SolutionProperties) = preSolution
		HideSolutionNode = FALSE
	EndGlobalSection
	GlobalSection(ProjectConfigurationPlatforms) = postSolution
		{97875ECA-1529-49CB-81F2-968347FA0DD4}.Debug|Any CPU.ActiveCfg = Debug|Any CPU
		{97875ECA-1529-49CB-81F2-968347FA0DD4}.Debug|Any CPU.Build.0 = Debug|Any CPU
		{97875ECA-1529-49CB-81F2-968347FA0DD4}.Release|Any CPU.ActiveCfg = Release|Any CPU
		{97875ECA-1529-49CB-81F2-968347FA0DD4}.Release|Any CPU.Build.0 = Release|Any CPU
		{A26FF304-F6EA-42AE-BE13-015BF49F81B8}.Debug|Any CPU.ActiveCfg = Debug|Any CPU
		{A26FF304-F6EA-42AE-BE13-015BF49F81B8}.Debug|Any CPU.Build.0 = Debug|Any CPU
		{A26FF304-F6EA-42AE-BE13-015BF49F81B8}.Release|Any CPU.ActiveCfg = Release|Any CPU
		{A26FF304-F6EA-42AE-BE13-015BF49F81B8}.Release|Any CPU.Build.0 = Release|Any CPU
		{46B6E0E4-9C9B-46EE-8A4A-2E4BC1F9D7D6}.Debug|Any CPU.ActiveCfg = Debug|Any CPU
		{46B6E0E4-9C9B-46EE-8A4A-2E4BC1F9D7D6}.Debug|Any CPU.Build.0 = Debug|Any CPU
		{46B6E0E4-9C9B-46EE-8A4A-2E4BC1F9D7D6}.Release|Any CPU.ActiveCfg = Release|Any CPU
		{46B6E0E4-9C9B-46EE-8A4A-2E4BC1F9D7D6}.Release|Any CPU.Build.0 = Release|Any CPU
		{7B3D4D38-8CC2-49D2-9F6B-2BCE0C3E0C4A}.Debug|Any CPU.ActiveCfg = Debug|Any CPU
		{7B3D4D38-8CC2-49D2-9F6B-2BCE0C3E0C4A}.Debug|Any CPU.Build.0 = Debug|Any CPU
		{7B3D4D38-8CC2-49D2-9F6B-2BCE0C3E0C4A}.Release|Any CPU.ActiveCfg = Release|Any CPU
		{7B3D4D38-8CC2-49D2-9F6B-2BCE0C3E0C4A}.Release|Any CPU.Build.0 = Release|Any CPU
		{F4B1D01E-4D4F-4ED1-B2F2-4A8E9DCE2C87}.Debug|Any CPU.ActiveCfg = Debug|Any CPU
		{F4B1D01E-4D4F-4ED1-B2F2-4A8E9DCE2C87}.Debug|Any CPU.Build.0 = Debug|Any CPU
		{F4B1D01E-4D4F-4ED1-B2F2-4A8E9DCE2C87}.Release|Any CPU.ActiveCfg = Release|Any CPU
		{F4B1D01E-4D4F-4ED1-B2F2-4A8E9DCE2C87}.Release|Any CPU.Build.0 = Release|Any CPU
	EndGlobalSection
	GlobalSection(NestedProjects) = preSolution
		{812980DC-71A0-45D4-9B36-9AEF270CE5BC} = {4CAE9FCB-50BC-4C09-A987-567519F77622}
		{97875ECA-1529-49CB-81F2-968347FA0DD4} = {812980DC-71A0-45D4-9B36-9AEF270CE5BC}
		{A26FF304-F6EA-42AE-BE13-015BF49F81B8} = {812980DC-71A0-45D4-9B36-9AEF270CE5BC}
		{B6A9C39C-54A5-4FE8-9FA5-11713A66C1B8} = {4CAE9FCB-50BC-4C09-A987-567519F77622}
		{46B6E0E4-9C9B-46EE-8A4A-2E4BC1F9D7D6} = {B6A9C39C-54A5-4FE8-9FA5-11713A66C1B8}
		{7B3D4D38-8CC2-49D2-9F6B-2BCE0C3E0C4A} = {B6A9C39C-54A5-4FE8-9FA5-11713A66C1B8}
		{F4B1D01E-4D4F-4ED1-B2F2-4A8E9DCE2C87} = {B6A9C39C-54A5-4FE8-9FA5-11713A66C1B8}
	EndGlobalSection
EndGlobal
