
Microsoft Visual Studio Solution File, Format Version 12.00
# Visual Studio Version 17
VisualStudioVersion = 17.0.31903.59
MinimumVisualStudioVersion = 10.0.40219.1
Project("{2150E333-8FDC-42A3-9474-1A3956D46DE8}") = "cad-plugin", "cad-plugin", "{4CAE9FCB-50BC-4C09-A987-567519F77622}"
EndProject
Project("{2150E333-8FDC-42A3-9474-1A3956D46DE8}") = "2025", "2025", "{812980DC-71A0-45D4-9B36-9AEF270CE5BC}"
EndProject
Project("{FAE04EC0-301F-11D3-BF4B-00C04F79EFBC}") = "PatentMarker", "cad-plugin\2025\PatentMarker\PatentMarker.csproj", "{97875ECA-1529-49CB-81F2-968347FA0DD4}"
EndProject
Project("{FAE04EC0-301F-11D3-BF4B-00C04F79EFBC}") = "PatentMarker.Tests", "cad-plugin\2025\PatentMarker.Tests\PatentMarker.Tests.csproj", "{A26FF304-F6EA-42AE-BE13-015BF49F81B8}"
EndProject
Project("{2150E333-8FDC-42A3-9474-1A3956D46DE8}") = "RuntimeContract.Tests", "RuntimeContract.Tests", "{B6A9C39C-54A5-4FE8-9FA5-11713A66C1B8}"
EndProject
Project("{FAE04EC0-301F-11D3-BF4B-00C04F79EFBC}") = "PatentMarker.RuntimeContract.2010.Tests", "cad-plugin\RuntimeContract.Tests\PatentMarker.RuntimeContract.2010.Tests.csproj", "{46B6E0E4-9C9B-46EE-8A4A-2E4BC1F9D7D6}"
EndProject
Project("{FAE04EC0-301F-11D3-BF4B-00C04F79EFBC}") = "PatentMarker.RuntimeContract.2013.Tests", "cad-plugin\RuntimeContract.Tests\PatentMarker.RuntimeContract.2013.Tests.csproj", "{7B3D4D38-8CC2-49D2-9F6B-2BCE0C3E0C4A}"
EndProject
Project("{FAE04EC0-301F-11D3-BF4B-00C04F79EFBC}") = "PatentMarker.RuntimeContract.2015.Tests", "cad-plugin\RuntimeContract.Tests\PatentMarker.RuntimeContract.2015.Tests.csproj", "{F4B1D01E-4D4F-4ED1-B2F2-4A8E9DCE2C87}"
EndProject
Project("{2150E333-8FDC-42A3-9474-1A3956D46DE8}") = "2007", "2007", "{79740F59-6141-4C58-8926-9FBE574A8689}"
EndProject
Project("{FAE04EC0-301F-11D3-BF4B-00C04F79EFBC}") = "PatentMarker.2007", "cad-plugin\2007\PatentMarker\PatentMarker.csproj", "{A1B2C3D4-E5F6-4A5B-8C7D-9E0F1A2B3C4D}"
EndProject
Project("{2150E333-8FDC-42A3-9474-1A3956D46DE8}") = "2010", "2010", "{3F0B8A4C-6D21-4E85-9B7C-58A1D92E4C30}"
EndProject
Project("{FAE04EC0-301F-11D3-BF4B-00C04F79EFBC}") = "PatentMarker.2010", "cad-plugin\2010\PatentMarker\PatentMarker.csproj", "{8C2D4E6A-0B1F-4C3D-8E5A-7F9B1D3C5E24}"
EndProject
Project("{2150E333-8FDC-42A3-9474-1A3956D46DE8}") = "2013", "2013", "{2290F21D-3A90-4A20-A33E-FC288B0DBA17}"
EndProject
Project("{FAE04EC0-301F-11D3-BF4B-00C04F79EFBC}") = "PatentMarker.2013", "cad-plugin\2013\PatentMarker\PatentMarker.csproj", "{C3D4E5F6-A7B8-6C7D-0E9F-1A2B3C4D5E6F}"
EndProject
Project("{2150E333-8FDC-42A3-9474-1A3956D46DE8}") = "2015", "2015", "{66C2FE66-8498-4A12-9B6D-3CC3B249511B}"
EndProject
Project("{FAE04EC0-301F-11D3-BF4B-00C04F79EFBC}") = "PatentMarker.2015", "cad-plugin\2015\PatentMarker\PatentMarker.csproj", "{D4E5F6A7-B8C9-7D8E-1F0A-2B3C4D5E6F7A}"
EndProject
Project("{FAE04EC0-301F-11D3-BF4B-00C04F79EFBC}") = "PatentMarker.RuntimeContract.2007.Tests", "cad-plugin\RuntimeContract.Tests\PatentMarker.RuntimeContract.2007.Tests.csproj", "{04182512-ACF5-4175-804A-3F204F476E89}"
EndProject
Global
	GlobalSection(SolutionConfigurationPlatforms) = preSolution
		Debug|Any CPU = Debug|Any CPU
		Release|Any CPU = Release|Any CPU
	EndGlobalSection
	GlobalSection(SolutionProperties) = preSolution
		HideSolutionNode = FALSE
	EndGlobalSection
	GlobalSection(ProjectConfigurationPlatforms) = postSolution
		{97875ECA-1529-49CB-81F2-968347FA0DD4}.Debug|Any CPU.ActiveCfg = Debug|Any CPU
		{97875ECA-1529-49CB-81F2-968347FA0DD4}.Debug|Any CPU.Build.0 = Debug|Any CPU
		{97875ECA-1529-49CB-81F2-968347FA0DD4}.Release|Any CPU.ActiveCfg = Release|Any CPU
		{97875ECA-1529-49CB-81F2-968347FA0DD4}.Release|Any CPU.Build.0 = Release|Any CPU
		{A26FF304-F6EA-42AE-BE13-015BF49F81B8}.Debug|Any CPU.ActiveCfg = Debug|Any CPU
		{A26FF304-F6EA-42AE-BE13-015BF49F81B8}.Debug|Any CPU.Build.0 = Debug|Any CPU
		{A26FF304-F6EA-42AE-BE13-015BF49F81B8}.Release|Any CPU.ActiveCfg = Release|Any CPU
		{A26FF304-F6EA-42AE-BE13-015BF49F81B8}.Release|Any CPU.Build.0 = Release|Any CPU
		{46B6E0E4-9C9B-46EE-8A4A-2E4BC1F9D7D6}.Debug|Any CPU.ActiveCfg = Debug|Any CPU
		{46B6E0E4-9C9B-46EE-8A4A-2E4BC1F9D7D6}.Debug|Any CPU.Build.0 = Debug|Any CPU
		{46B6E0E4-9C9B-46EE-8A4A-2E4BC1F9D7D6}.Release|Any CPU.ActiveCfg = Release|Any CPU
		{46B6E0E4-9C9B-46EE-8A4A-2E4BC1F9D7D6}.Release|Any CPU.Build.0 = Release|Any CPU
		{7B3D4D38-8CC2-49D2-9F6B-2BCE0C3E0C4A}.Debug|Any CPU.ActiveCfg = Debug|Any CPU
		{7B3D4D38-8CC2-49D2-9F6B-2BCE0C3E0C4A}.Debug|Any CPU.Build.0 = Debug|Any CPU
		{7B3D4D38-8CC2-49D2-9F6B-2BCE0C3E0C4A}.Release|Any CPU.ActiveCfg = Release|Any CPU
		{7B3D4D38-8CC2-49D2-9F6B-2BCE0C3E0C4A}.Release|Any CPU.Build.0 = Release|Any CPU
		{F4B1D01E-4D4F-4ED1-B2F2-4A8E9DCE2C87}.Debug|Any CPU.ActiveCfg = Debug|Any CPU
		{F4B1D01E-4D4F-4ED1-B2F2-4A8E9DCE2C87}.Debug|Any CPU.Build.0 = Debug|Any CPU
		{F4B1D01E-4D4F-4ED1-B2F2-4A8E9DCE2C87}.Release|Any CPU.ActiveCfg = Release|Any CPU
		{F4B1D01E-4D4F-4ED1-B2F2-4A8E9DCE2C87}.Release|Any CPU.Build.0 = Release|Any CPU
		{A1B2C3D4-E5F6-4A5B-8C7D-9E0F1A2B3C4D}.Debug|Any CPU.ActiveCfg = Debug|Any CPU
		{A1B2C3D4-E5F6-4A5B-8C7D-9E0F1A2B3C4D}.Debug|Any CPU.Build.0 = Debug|Any CPU
		{A1B2C3D4-E5F6-4A5B-8C7D-9E0F1A2B3C4D}.Release|Any CPU.ActiveCfg = Release|Any CPU
		{A1B2C3D4-E5F6-4A5B-8C7D-9E0F1A2B3C4D}.Release|Any CPU.Build.0 = Release|Any CPU
		{8C2D4E6A-0B1F-4C3D-8E5A-7F9B1D3C5E24}.Debug|Any CPU.ActiveCfg = Debug|Any CPU
		{8C2D4E6A-0B1F-4C3D-8E5A-7F9B1D3C5E24}.Debug|Any CPU.Build.0 = Debug|Any CPU
		{8C2D4E6A-0B1F-4C3D-8E5A-7F9B1D3C5E24}.Release|Any CPU.ActiveCfg = Release|Any CPU
		{8C2D4E6A-0B1F-4C3D-8E5A-7F9B1D3C5E24}.Release|Any CPU.Build.0 = Release|Any CPU
		{C3D4E5F6-A7B8-6C7D-0E9F-1A2B3C4D5E6F}.Debug|Any CPU.ActiveCfg = Debug|Any CPU
		{C3D4E5F6-A7B8-6C7D-0E9F-1A2B3C4D5E6F}.Debug|Any CPU.Build.0 = Debug|Any CPU
		{C3D4E5F6-A7B8-6C7D-0E9F-1A2B3C4D5E6F}.Release|Any CPU.ActiveCfg = Release|Any CPU
		{C3D4E5F6-A7B8-6C7D-0E9F-1A2B3C4D5E6F}.Release|Any CPU.Build.0 = Release|Any CPU
		{D4E5F6A7-B8C9-7D8E-1F0A-2B3C4D5E6F7A}.Debug|Any CPU.ActiveCfg = Debug|Any CPU
		{D4E5F6A7-B8C9-7D8E-1F0A-2B3C4D5E6F7A}.Debug|Any CPU.Build.0 = Debug|Any CPU
		{D4E5F6A7-B8C9-7D8E-1F0A-2B3C4D5E6F7A}.Release|Any CPU.ActiveCfg = Release|Any CPU
		{D4E5F6A7-B8C9-7D8E-1F0A-2B3C4D5E6F7A}.Release|Any CPU.Build.0 = Release|Any CPU
		{04182512-ACF5-4175-804A-3F204F476E89}.Debug|Any CPU.ActiveCfg = Debug|Any CPU
		{04182512-ACF5-4175-804A-3F204F476E89}.Debug|Any CPU.Build.0 = Debug|Any CPU
		{04182512-ACF5-4175-804A-3F204F476E89}.Release|Any CPU.ActiveCfg = Release|Any CPU
		{04182512-ACF5-4175-804A-3F204F476E89}.Release|Any CPU.Build.0 = Release|Any CPU
	EndGlobalSection
	GlobalSection(NestedProjects) = preSolution
		{812980DC-71A0-45D4-9B36-9AEF270CE5BC} = {4CAE9FCB-50BC-4C09-A987-567519F77622}
		{97875ECA-1529-49CB-81F2-968347FA0DD4} = {812980DC-71A0-45D4-9B36-9AEF270CE5BC}
		{A26FF304-F6EA-42AE-BE13-015BF49F81B8} = {812980DC-71A0-45D4-9B36-9AEF270CE5BC}
		{B6A9C39C-54A5-4FE8-9FA5-11713A66C1B8} = {4CAE9FCB-50BC-4C09-A987-567519F77622}
		{46B6E0E4-9C9B-46EE-8A4A-2E4BC1F9D7D6} = {B6A9C39C-54A5-4FE8-9FA5-11713A66C1B8}
		{7B3D4D38-8CC2-49D2-9F6B-2BCE0C3E0C4A} = {B6A9C39C-54A5-4FE8-9FA5-11713A66C1B8}
		{F4B1D01E-4D4F-4ED1-B2F2-4A8E9DCE2C87} = {B6A9C39C-54A5-4FE8-9FA5-11713A66C1B8}
		{A1B2C3D4-E5F6-4A5B-8C7D-9E0F1A2B3C4D} = {79740F59-6141-4C58-8926-9FBE574A8689}
		{8C2D4E6A-0B1F-4C3D-8E5A-7F9B1D3C5E24} = {3F0B8A4C-6D21-4E85-9B7C-58A1D92E4C30}
		{3F0B8A4C-6D21-4E85-9B7C-58A1D92E4C30} = {4CAE9FCB-50BC-4C09-A987-567519F77622}
		{C3D4E5F6-A7B8-6C7D-0E9F-1A2B3C4D5E6F} = {2290F21D-3A90-4A20-A33E-FC288B0DBA17}
		{D4E5F6A7-B8C9-7D8E-1F0A-2B3C4D5E6F7A} = {66C2FE66-8498-4A12-9B6D-3CC3B249511B}
		{04182512-ACF5-4175-804A-3F204F476E89} = {B6A9C39C-54A5-4FE8-9FA5-11713A66C1B8}
	EndGlobalSection
EndGlobal
